
Microsoft Visual Studio Solution File, Format Version 12.00
# Visual Studio Version 17
VisualStudioVersion = 17.3.32922.545
MinimumVisualStudioVersion = 10.0.40219.1
Project("{9A19103F-16F7-4668-BE54-9A1E7A4F7556}") = "BlazorApp", "BlazorApp\BlazorApp.csproj", "{38C333E6-FA4D-4B5C-8970-30FDEEB25CD8}"
EndProject
Global
	GlobalSection(SolutionConfigurationPlatforms) = preSolution
		Debug|Any CPU = Debug|Any CPU
		Release|Any CPU = Release|Any CPU
	EndGlobalSection
	GlobalSection(ProjectConfigurationPlatforms) = postSolution
		{38C333E6-FA4D-4B5C-8970-30FDEEB25CD8}.Debug|Any CPU.ActiveCfg = Debug|Any CPU
		{38C333E6-FA4D-4B5C-8970-30FDEEB25CD8}.Debug|Any CPU.Build.0 = Debug|Any CPU
		{38C333E6-FA4D-4B5C-8970-30FDEEB25CD8}.Release|Any CPU.ActiveCfg = Release|Any CPU
		{38C333E6-FA4D-4B5C-8970-30FDEEB25CD8}.Release|Any CPU.Build.0 = Release|Any CPU
	EndGlobalSection
	GlobalSection(SolutionProperties) = preSolution
		HideSolutionNode = FALSE
	EndGlobalSection
	GlobalSection(ExtensibilityGlobals) = postSolution
		SolutionGuid = {8D373868-81A0-4B84-9243-08EA6F08A6FC}
	EndGlobalSection
EndGlobal
