
Microsoft Visual Studio Solution File, Format Version 12.00
# Visual Studio Version 17
VisualStudioVersion = 17.3.32922.545
MinimumVisualStudioVersion = 10.0.40219.1
Project("{9A19103F-16F7-4668-BE54-9A1E7A4F7556}") = "BlazorApp", "BlazorApp\BlazorApp.csproj", "{33AAF672-FA6D-4184-9BB4-19EDB7184DC1}"
EndProject
Project("{9A19103F-16F7-4668-BE54-9A1E7A4F7556}") = "BlazorAppWasm", "BlazorAppWasm\BlazorAppWasm.csproj", "{B284AB40-F6F1-4657-A304-D17EB9C00CFD}"
EndProject
Project("{9A19103F-16F7-4668-BE54-9A1E7A4F7556}") = "BlazorAppWasmHosted.Server", "BlazorAppWasmHosted\Server\BlazorAppWasmHosted.Server.csproj", "{7112118C-95CD-4E5D-BDC2-7B270CE9ABB0}"
EndProject
Project("{9A19103F-16F7-4668-BE54-9A1E7A4F7556}") = "BlazorAppWasmHosted.Client", "BlazorAppWasmHosted\Client\BlazorAppWasmHosted.Client.csproj", "{6693B2E1-AB2B-41DE-9239-A41459F8AC70}"
EndProject
Project("{9A19103F-16F7-4668-BE54-9A1E7A4F7556}") = "BlazorAppWasmHosted.Shared", "BlazorAppWasmHosted\Shared\BlazorAppWasmHosted.Shared.csproj", "{6FCF1EF7-C854-4EF0-A431-506C5B025386}"
EndProject
Global
	GlobalSection(SolutionConfigurationPlatforms) = preSolution
		Debug|Any CPU = Debug|Any CPU
		Release|Any CPU = Release|Any CPU
	EndGlobalSection
	GlobalSection(ProjectConfigurationPlatforms) = postSolution
		{33AAF672-FA6D-4184-9BB4-19EDB7184DC1}.Debug|Any CPU.ActiveCfg = Debug|Any CPU
		{33AAF672-FA6D-4184-9BB4-19EDB7184DC1}.Debug|Any CPU.Build.0 = Debug|Any CPU
		{33AAF672-FA6D-4184-9BB4-19EDB7184DC1}.Release|Any CPU.ActiveCfg = Release|Any CPU
		{33AAF672-FA6D-4184-9BB4-19EDB7184DC1}.Release|Any CPU.Build.0 = Release|Any CPU
		{B284AB40-F6F1-4657-A304-D17EB9C00CFD}.Debug|Any CPU.ActiveCfg = Debug|Any CPU
		{B284AB40-F6F1-4657-A304-D17EB9C00CFD}.Debug|Any CPU.Build.0 = Debug|Any CPU
		{B284AB40-F6F1-4657-A304-D17EB9C00CFD}.Release|Any CPU.ActiveCfg = Release|Any CPU
		{B284AB40-F6F1-4657-A304-D17EB9C00CFD}.Release|Any CPU.Build.0 = Release|Any CPU
		{7112118C-95CD-4E5D-BDC2-7B270CE9ABB0}.Debug|Any CPU.ActiveCfg = Debug|Any CPU
		{7112118C-95CD-4E5D-BDC2-7B270CE9ABB0}.Debug|Any CPU.Build.0 = Debug|Any CPU
		{7112118C-95CD-4E5D-BDC2-7B270CE9ABB0}.Release|Any CPU.ActiveCfg = Release|Any CPU
		{7112118C-95CD-4E5D-BDC2-7B270CE9ABB0}.Release|Any CPU.Build.0 = Release|Any CPU
		{6693B2E1-AB2B-41DE-9239-A41459F8AC70}.Debug|Any CPU.ActiveCfg = Debug|Any CPU
		{6693B2E1-AB2B-41DE-9239-A41459F8AC70}.Debug|Any CPU.Build.0 = Debug|Any CPU
		{6693B2E1-AB2B-41DE-9239-A41459F8AC70}.Release|Any CPU.ActiveCfg = Release|Any CPU
		{6693B2E1-AB2B-41DE-9239-A41459F8AC70}.Release|Any CPU.Build.0 = Release|Any CPU
		{6FCF1EF7-C854-4EF0-A431-506C5B025386}.Debug|Any CPU.ActiveCfg = Debug|Any CPU
		{6FCF1EF7-C854-4EF0-A431-506C5B025386}.Debug|Any CPU.Build.0 = Debug|Any CPU
		{6FCF1EF7-C854-4EF0-A431-506C5B025386}.Release|Any CPU.ActiveCfg = Release|Any CPU
		{6FCF1EF7-C854-4EF0-A431-506C5B025386}.Release|Any CPU.Build.0 = Release|Any CPU
	EndGlobalSection
	GlobalSection(SolutionProperties) = preSolution
		HideSolutionNode = FALSE
	EndGlobalSection
	GlobalSection(ExtensibilityGlobals) = postSolution
		SolutionGuid = {8D373868-81A0-4B84-9243-08EA6F08A6FC}
	EndGlobalSection
EndGlobal
